// !$*UTF8*$!
{
	archiveVersion = 1;
	classes = {
	};
	objectVersion = 77;
	objects = {

/* Begin PBXBuildFile section */
		FAE39EFE2F0C934C00DFA2D2 /* FrostLogic.swift in Sources */ = {isa = PBXBuildFile; fileRef = FAE39EFD2F0C934100DFA2D2 /* FrostLogic.swift */; };
		FAE39F002F0C940500DFA2D2 /* DesignSystem.swift in Sources */ = {isa = PBXBuildFile; fileRef = FAE39EFF2F0C93FA00DFA2D2 /* DesignSystem.swift */; };
		FAE39F042F0C94BB00DFA2D2 /* LiquidRiskMeter.swift in Sources */ = {isa = PBXBuildFile; fileRef = FAE39F032F0C94BB00DFA2D2 /* LiquidRiskMeter.swift */; };
		FAE39F142F0CAB5200DFA2D2 /* Launch Screen.storyboard in Resources */ = {isa = PBXBuildFile; fileRef = FAE39F132F0CAB5200DFA2D2 /* Launch Screen.storyboard */; };
		FAE39F182F0CCA9100DFA2D2 /* LocationFrostManager.swift in Sources */ = {isa = PBXBuildFile; fileRef = FAE39F172F0CCA9100DFA2D2 /* LocationFrostManager.swift */; };
		FAE39F1A2F0CD41800DFA2D2 /* NotificationManager.swift in Sources */ = {isa = PBXBuildFile; fileRef = FAE39F192F0CD41800DFA2D2 /* NotificationManager.swift */; };
		FAE39F1C2F0CD43700DFA2D2 /* SettingsView.swift in Sources */ = {isa = PBXBuildFile; fileRef = FAE39F1B2F0CD43700DFA2D2 /* SettingsView.swift */; };
		FAE39F202F0DDC6E00DFA2D2 /* LocationStorage.swift in Sources */ = {isa = PBXBuildFile; fileRef = FAE39F1F2F0DDC6E00DFA2D2 /* LocationStorage.swift */; };
		FAE39F222F0DDC8E00DFA2D2 /* LocationSearchView.swift in Sources */ = {isa = PBXBuildFile; fileRef = FAE39F212F0DDC8E00DFA2D2 /* LocationSearchView.swift */; };
/* End PBXBuildFile section */

/* Begin PBXContainerItemProxy section */
		FAE39EE12F0C92C200DFA2D2 /* PBXContainerItemProxy */ = {
			isa = PBXContainerItemProxy;
			containerPortal = FAE39ECB2F0C92C100DFA2D2 /* Project object */;
			proxyType = 1;
			remoteGlobalIDString = FAE39ED22F0C92C100DFA2D2;
			remoteInfo = FrostPoint;
		};
		FAE39EEB2F0C92C200DFA2D2 /* PBXContainerItemProxy */ = {
			isa = PBXContainerItemProxy;
			containerPortal = FAE39ECB2F0C92C100DFA2D2 /* Project object */;
			proxyType = 1;
			remoteGlobalIDString = FAE39ED22F0C92C100DFA2D2;
			remoteInfo = FrostPoint;
		};
/* End PBXContainerItemProxy section */

/* Begin PBXFileReference section */
		FAE39ED32F0C92C100DFA2D2 /* FrostPoint.app */ = {isa = PBXFileReference; explicitFileType = wrapper.application; includeInIndex = 0; path = FrostPoint.app; sourceTree = BUILT_PRODUCTS_DIR; };
		FAE39EE02F0C92C200DFA2D2 /* FrostPointTests.xctest */ = {isa = PBXFileReference; explicitFileType = wrapper.cfbundle; includeInIndex = 0; path = FrostPointTests.xctest; sourceTree = BUILT_PRODUCTS_DIR; };
		FAE39EEA2F0C92C200DFA2D2 /* FrostPointUITests.xctest */ = {isa = PBXFileReference; explicitFileType = wrapper.cfbundle; includeInIndex = 0; path = FrostPointUITests.xctest; sourceTree = BUILT_PRODUCTS_DIR; };
		FAE39EFD2F0C934100DFA2D2 /* FrostLogic.swift */ = {isa = PBXFileReference; lastKnownFileType = sourcecode.swift; path = FrostLogic.swift; sourceTree = "<group>"; };
		FAE39EFF2F0C93FA00DFA2D2 /* DesignSystem.swift */ = {isa = PBXFileReference; lastKnownFileType = sourcecode.swift; path = DesignSystem.swift; sourceTree = "<group>"; };
		FAE39F032F0C94BB00DFA2D2 /* LiquidRiskMeter.swift */ = {isa = PBXFileReference; lastKnownFileType = sourcecode.swift; path = LiquidRiskMeter.swift; sourceTree = "<group>"; };
		FAE39F132F0CAB5200DFA2D2 /* Launch Screen.storyboard */ = {isa = PBXFileReference; lastKnownFileType = file.storyboard; path = "Launch Screen.storyboard"; sourceTree = "<group>"; };
		FAE39F172F0CCA9100DFA2D2 /* LocationFrostManager.swift */ = {isa = PBXFileReference; lastKnownFileType = sourcecode.swift; path = LocationFrostManager.swift; sourceTree = "<group>"; };
		FAE39F192F0CD41800DFA2D2 /* NotificationManager.swift */ = {isa = PBXFileReference; lastKnownFileType = sourcecode.swift; path = NotificationManager.swift; sourceTree = "<group>"; };
		FAE39F1B2F0CD43700DFA2D2 /* SettingsView.swift */ = {isa = PBXFileReference; lastKnownFileType = sourcecode.swift; path = SettingsView.swift; sourceTree = "<group>"; };
		FAE39F1F2F0DDC6E00DFA2D2 /* LocationStorage.swift */ = {isa = PBXFileReference; lastKnownFileType = sourcecode.swift; path = LocationStorage.swift; sourceTree = "<group>"; };
		FAE39F212F0DDC8E00DFA2D2 /* LocationSearchView.swift */ = {isa = PBXFileReference; lastKnownFileType = sourcecode.swift; path = LocationSearchView.swift; sourceTree = "<group>"; };
/* End PBXFileReference section */

/* Begin PBXFileSystemSynchronizedBuildFileExceptionSet section */
		FAE39F1E2F0CD61800DFA2D2 /* Exceptions for "FrostPoint" folder in "FrostPoint" target */ = {
			isa = PBXFileSystemSynchronizedBuildFileExceptionSet;
			membershipExceptions = (
				Info.plist,
			);
			target = FAE39ED22F0C92C100DFA2D2 /* FrostPoint */;
		};
/* End PBXFileSystemSynchronizedBuildFileExceptionSet section */

/* Begin PBXFileSystemSynchronizedRootGroup section */
		FAE39ED52F0C92C100DFA2D2 /* FrostPoint */ = {
			isa = PBXFileSystemSynchronizedRootGroup;
			exceptions = (
				FAE39F1E2F0CD61800DFA2D2 /* Exceptions for "FrostPoint" folder in "FrostPoint" target */,
			);
			path = FrostPoint;
			sourceTree = "<group>";
		};
		FAE39EE32F0C92C200DFA2D2 /* FrostPointTests */ = {
			isa = PBXFileSystemSynchronizedRootGroup;
			path = FrostPointTests;
			sourceTree = "<group>";
		};
		FAE39EED2F0C92C200DFA2D2 /* FrostPointUITests */ = {
			isa = PBXFileSystemSynchronizedRootGroup;
			path = FrostPointUITests;
			sourceTree = "<group>";
		};
/* End PBXFileSystemSynchronizedRootGroup section */

/* Begin PBXFrameworksBuildPhase section */
		FAE39ED02F0C92C100DFA2D2 /* Frameworks */ = {
			isa = PBXFrameworksBuildPhase;
			buildActionMask = 2147483647;
			files = (
			);
			runOnlyForDeploymentPostprocessing = 0;
		};
		FAE39EDD2F0C92C200DFA2D2 /* Frameworks */ = {
			isa = PBXFrameworksBuildPhase;
			buildActionMask = 2147483647;
			files = (
			);
			runOnlyForDeploymentPostprocessing = 0;
		};
		FAE39EE72F0C92C200DFA2D2 /* Frameworks */ = {
			isa = PBXFrameworksBuildPhase;
			buildActionMask = 2147483647;
			files = (
			);
			runOnlyForDeploymentPostprocessing = 0;
		};
/* End PBXFrameworksBuildPhase section */

/* Begin PBXGroup section */
		FAE39ECA2F0C92C100DFA2D2 = {
			isa = PBXGroup;
			children = (
				FAE39F172F0CCA9100DFA2D2 /* LocationFrostManager.swift */,
				FAE39F192F0CD41800DFA2D2 /* NotificationManager.swift */,
				FAE39F1B2F0CD43700DFA2D2 /* SettingsView.swift */,
				FAE39F132F0CAB5200DFA2D2 /* Launch Screen.storyboard */,
				FAE39F032F0C94BB00DFA2D2 /* LiquidRiskMeter.swift */,
				FAE39F1F2F0DDC6E00DFA2D2 /* LocationStorage.swift */,
				FAE39F212F0DDC8E00DFA2D2 /* LocationSearchView.swift */,
				FAE39EFF2F0C93FA00DFA2D2 /* DesignSystem.swift */,
				FAE39EFD2F0C934100DFA2D2 /* FrostLogic.swift */,
				FAE39ED52F0C92C100DFA2D2 /* FrostPoint */,
				FAE39EE32F0C92C200DFA2D2 /* FrostPointTests */,
				FAE39EED2F0C92C200DFA2D2 /* FrostPointUITests */,
				FAE39ED42F0C92C100DFA2D2 /* Products */,
			);
			sourceTree = "<group>";
		};
		FAE39ED42F0C92C100DFA2D2 /* Products */ = {
			isa = PBXGroup;
			children = (
				FAE39ED32F0C92C100DFA2D2 /* FrostPoint.app */,
				FAE39EE02F0C92C200DFA2D2 /* FrostPointTests.xctest */,
				FAE39EEA2F0C92C200DFA2D2 /* FrostPointUITests.xctest */,
			);
			name = Products;
			sourceTree = "<group>";
		};
/* End PBXGroup section */

/* Begin PBXNativeTarget section */
		FAE39ED22F0C92C100DFA2D2 /* FrostPoint */ = {
			isa = PBXNativeTarget;
			buildConfigurationList = FAE39EF42F0C92C200DFA2D2 /* Build configuration list for PBXNativeTarget "FrostPoint" */;
			buildPhases = (
				FAE39ECF2F0C92C100DFA2D2 /* Sources */,
				FAE39ED02F0C92C100DFA2D2 /* Frameworks */,
				FAE39ED12F0C92C100DFA2D2 /* Resources */,
			);
			buildRules = (
			);
			dependencies = (
			);
			fileSystemSynchronizedGroups = (
				FAE39ED52F0C92C100DFA2D2 /* FrostPoint */,
			);
			name = FrostPoint;
			packageProductDependencies = (
			);
			productName = FrostPoint;
			productReference = FAE39ED32F0C92C100DFA2D2 /* FrostPoint.app */;
			productType = "com.apple.product-type.application";
		};
		FAE39EDF2F0C92C200DFA2D2 /* FrostPointTests */ = {
			isa = PBXNativeTarget;
			buildConfigurationList = FAE39EF72F0C92C200DFA2D2 /* Build configuration list for PBXNativeTarget "FrostPointTests" */;
			buildPhases = (
				FAE39EDC2F0C92C200DFA2D2 /* Sources */,
				FAE39EDD2F0C92C200DFA2D2 /* Frameworks */,
				FAE39EDE2F0C92C200DFA2D2 /* Resources */,
			);
			buildRules = (
			);
			dependencies = (
				FAE39EE22F0C92C200DFA2D2 /* PBXTargetDependency */,
			);
			fileSystemSynchronizedGroups = (
				FAE39EE32F0C92C200DFA2D2 /* FrostPointTests */,
			);
			name = FrostPointTests;
			packageProductDependencies = (
			);
			productName = FrostPointTests;
			productReference = FAE39EE02F0C92C200DFA2D2 /* FrostPointTests.xctest */;
			productType = "com.apple.product-type.bundle.unit-test";
		};
		FAE39EE92F0C92C200DFA2D2 /* FrostPointUITests */ = {
			isa = PBXNativeTarget;
			buildConfigurationList = FAE39EFA2F0C92C200DFA2D2 /* Build configuration list for PBXNativeTarget "FrostPointUITests" */;
			buildPhases = (
				FAE39EE62F0C92C200DFA2D2 /* Sources */,
				FAE39EE72F0C92C200DFA2D2 /* Frameworks */,
				FAE39EE82F0C92C200DFA2D2 /* Resources */,
			);
			buildRules = (
			);
			dependencies = (
				FAE39EEC2F0C92C200DFA2D2 /* PBXTargetDependency */,
			);
			fileSystemSynchronizedGroups = (
				FAE39EED2F0C92C200DFA2D2 /* FrostPointUITests */,
			);
			name = FrostPointUITests;
			packageProductDependencies = (
			);
			productName = FrostPointUITests;
			productReference = FAE39EEA2F0C92C200DFA2D2 /* FrostPointUITests.xctest */;
			productType = "com.apple.product-type.bundle.ui-testing";
		};
/* End PBXNativeTarget section */

/* Begin PBXProject section */
		FAE39ECB2F0C92C100DFA2D2 /* Project object */ = {
			isa = PBXProject;
			attributes = {
				BuildIndependentTargetsInParallel = 1;
				LastSwiftUpdateCheck = 2620;
				LastUpgradeCheck = 2620;
				TargetAttributes = {
					FAE39ED22F0C92C100DFA2D2 = {
						CreatedOnToolsVersion = 26.2;
					};
					FAE39EDF2F0C92C200DFA2D2 = {
						CreatedOnToolsVersion = 26.2;
						TestTargetID = FAE39ED22F0C92C100DFA2D2;
					};
					FAE39EE92F0C92C200DFA2D2 = {
						CreatedOnToolsVersion = 26.2;
						TestTargetID = FAE39ED22F0C92C100DFA2D2;
					};
				};
			};
			buildConfigurationList = FAE39ECE2F0C92C100DFA2D2 /* Build configuration list for PBXProject "FrostPoint" */;
			developmentRegion = en;
			hasScannedForEncodings = 0;
			knownRegions = (
				en,
				Base,
			);
			mainGroup = FAE39ECA2F0C92C100DFA2D2;
			minimizedProjectReferenceProxies = 1;
			preferredProjectObjectVersion = 77;
			productRefGroup = FAE39ED42F0C92C100DFA2D2 /* Products */;
			projectDirPath = "";
			projectRoot = "";
			targets = (
				FAE39ED22F0C92C100DFA2D2 /* FrostPoint */,
				FAE39EDF2F0C92C200DFA2D2 /* FrostPointTests */,
				FAE39EE92F0C92C200DFA2D2 /* FrostPointUITests */,
			);
		};
/* End PBXProject section */

/* Begin PBXResourcesBuildPhase section */
		FAE39ED12F0C92C100DFA2D2 /* Resources */ = {
			isa = PBXResourcesBuildPhase;
			buildActionMask = 2147483647;
			files = (
				FAE39F142F0CAB5200DFA2D2 /* Launch Screen.storyboard in Resources */,
			);
			runOnlyForDeploymentPostprocessing = 0;
		};
		FAE39EDE2F0C92C200DFA2D2 /* Resources */ = {
			isa = PBXResourcesBuildPhase;
			buildActionMask = 2147483647;
			files = (
			);
			runOnlyForDeploymentPostprocessing = 0;
		};
		FAE39EE82F0C92C200DFA2D2 /* Resources */ = {
			isa = PBXResourcesBuildPhase;
			buildActionMask = 2147483647;
			files = (
			);
			runOnlyForDeploymentPostprocessing = 0;
		};
/* End PBXResourcesBuildPhase section */

/* Begin PBXSourcesBuildPhase section */
		FAE39ECF2F0C92C100DFA2D2 /* Sources */ = {
			isa = PBXSourcesBuildPhase;
			buildActionMask = 2147483647;
			files = (
				FAE39F042F0C94BB00DFA2D2 /* LiquidRiskMeter.swift in Sources */,
				FAE39F1C2F0CD43700DFA2D2 /* SettingsView.swift in Sources */,
				FAE39F202F0DDC6E00DFA2D2 /* LocationStorage.swift in Sources */,
				FAE39F222F0DDC8E00DFA2D2 /* LocationSearchView.swift in Sources */,
				FAE39F002F0C940500DFA2D2 /* DesignSystem.swift in Sources */,
				FAE39F1A2F0CD41800DFA2D2 /* NotificationManager.swift in Sources */,
				FAE39EFE2F0C934C00DFA2D2 /* FrostLogic.swift in Sources */,
				FAE39F182F0CCA9100DFA2D2 /* LocationFrostManager.swift in Sources */,
			);
			runOnlyForDeploymentPostprocessing = 0;
		};
		FAE39EDC2F0C92C200DFA2D2 /* Sources */ = {
			isa = PBXSourcesBuildPhase;
			buildActionMask = 2147483647;
			files = (
			);
			runOnlyForDeploymentPostprocessing = 0;
		};
		FAE39EE62F0C92C200DFA2D2 /* Sources */ = {
			isa = PBXSourcesBuildPhase;
			buildActionMask = 2147483647;
			files = (
			);
			runOnlyForDeploymentPostprocessing = 0;
		};
/* End PBXSourcesBuildPhase section */

/* Begin PBXTargetDependency section */
		FAE39EE22F0C92C200DFA2D2 /* PBXTargetDependency */ = {
			isa = PBXTargetDependency;
			target = FAE39ED22F0C92C100DFA2D2 /* FrostPoint */;
			targetProxy = FAE39EE12F0C92C200DFA2D2 /* PBXContainerItemProxy */;
		};
		FAE39EEC2F0C92C200DFA2D2 /* PBXTargetDependency */ = {
			isa = PBXTargetDependency;
			target = FAE39ED22F0C92C100DFA2D2 /* FrostPoint */;
			targetProxy = FAE39EEB2F0C92C200DFA2D2 /* PBXContainerItemProxy */;
		};
/* End PBXTargetDependency section */

/* Begin XCBuildConfiguration section */
		FAE39EF22F0C92C200DFA2D2 /* Debug */ = {
			isa = XCBuildConfiguration;
			buildSettings = {
				ALWAYS_SEARCH_USER_PATHS = NO;
				ASSETCATALOG_COMPILER_GENERATE_SWIFT_ASSET_SYMBOL_EXTENSIONS = YES;
				CLANG_ANALYZER_NONNULL = YES;
				CLANG_ANALYZER_NUMBER_OBJECT_CONVERSION = YES_AGGRESSIVE;
				CLANG_CXX_LANGUAGE_STANDARD = "gnu++20";
				CLANG_ENABLE_MODULES = YES;
				CLANG_ENABLE_OBJC_ARC = YES;
				CLANG_ENABLE_OBJC_WEAK = YES;
				CLANG_WARN_BLOCK_CAPTURE_AUTORELEASING = YES;
				CLANG_WARN_BOOL_CONVERSION = YES;
				CLANG_WARN_COMMA = YES;
				CLANG_WARN_CONSTANT_CONVERSION = YES;
				CLANG_WARN_DEPRECATED_OBJC_IMPLEMENTATIONS = YES;
				CLANG_WARN_DIRECT_OBJC_ISA_USAGE = YES_ERROR;
				CLANG_WARN_DOCUMENTATION_COMMENTS = YES;
				CLANG_WARN_EMPTY_BODY = YES;
				CLANG_WARN_ENUM_CONVERSION = YES;
				CLANG_WARN_INFINITE_RECURSION = YES;
				CLANG_WARN_INT_CONVERSION = YES;
				CLANG_WARN_NON_LITERAL_NULL_CONVERSION = YES;
				CLANG_WARN_OBJC_IMPLICIT_RETAIN_SELF = YES;
				CLANG_WARN_OBJC_LITERAL_CONVERSION = YES;
				CLANG_WARN_OBJC_ROOT_CLASS = YES_ERROR;
				CLANG_WARN_QUOTED_INCLUDE_IN_FRAMEWORK_HEADER = YES;
				CLANG_WARN_RANGE_LOOP_ANALYSIS = YES;
				CLANG_WARN_STRICT_PROTOTYPES = YES;
				CLANG_WARN_SUSPICIOUS_MOVE = YES;
				CLANG_WARN_UNGUARDED_AVAILABILITY = YES_AGGRESSIVE;
				CLANG_WARN_UNREACHABLE_CODE = YES;
				CLANG_WARN__DUPLICATE_METHOD_MATCH = YES;
				COPY_PHASE_STRIP = NO;
				DEBUG_INFORMATION_FORMAT = dwarf;
				DEVELOPMENT_TEAM = Z4XC4986PU;
				ENABLE_STRICT_OBJC_MSGSEND = YES;
				ENABLE_TESTABILITY = YES;
				ENABLE_USER_SCRIPT_SANDBOXING = YES;
				GCC_C_LANGUAGE_STANDARD = gnu17;
				GCC_DYNAMIC_NO_PIC = NO;
				GCC_NO_COMMON_BLOCKS = YES;
				GCC_OPTIMIZATION_LEVEL = 0;
				GCC_PREPROCESSOR_DEFINITIONS = (
					"DEBUG=1",
					"$(inherited)",
				);
				GCC_WARN_64_TO_32_BIT_CONVERSION = YES;
				GCC_WARN_ABOUT_RETURN_TYPE = YES_ERROR;
				GCC_WARN_UNDECLARED_SELECTOR = YES;
				GCC_WARN_UNINITIALIZED_AUTOS = YES_AGGRESSIVE;
				GCC_WARN_UNUSED_FUNCTION = YES;
				GCC_WARN_UNUSED_VARIABLE = YES;
				IPHONEOS_DEPLOYMENT_TARGET = 26.2;
				LOCALIZATION_PREFERS_STRING_CATALOGS = YES;
				MTL_ENABLE_DEBUG_INFO = INCLUDE_SOURCE;
				MTL_FAST_MATH = YES;
				ONLY_ACTIVE_ARCH = YES;
				SDKROOT = iphoneos;
				SWIFT_ACTIVE_COMPILATION_CONDITIONS = "DEBUG $(inherited)";
				SWIFT_OPTIMIZATION_LEVEL = "-Onone";
			};
			name = Debug;
		};
		FAE39EF32F0C92C200DFA2D2 /* Release */ = {
			isa = XCBuildConfiguration;
			buildSettings = {
				ALWAYS_SEARCH_USER_PATHS = NO;
				ASSETCATALOG_COMPILER_GENERATE_SWIFT_ASSET_SYMBOL_EXTENSIONS = YES;
				CLANG_ANALYZER_NONNULL = YES;
				CLANG_ANALYZER_NUMBER_OBJECT_CONVERSION = YES_AGGRESSIVE;
				CLANG_CXX_LANGUAGE_STANDARD = "gnu++20";
				CLANG_ENABLE_MODULES = YES;
				CLANG_ENABLE_OBJC_ARC = YES;
				CLANG_ENABLE_OBJC_WEAK = YES;
				CLANG_WARN_BLOCK_CAPTURE_AUTORELEASING = YES;
				CLANG_WARN_BOOL_CONVERSION = YES;
				CLANG_WARN_COMMA = YES;
				CLANG_WARN_CONSTANT_CONVERSION = YES;
				CLANG_WARN_DEPRECATED_OBJC_IMPLEMENTATIONS = YES;
				CLANG_WARN_DIRECT_OBJC_ISA_USAGE = YES_ERROR;
				CLANG_WARN_DOCUMENTATION_COMMENTS = YES;
				CLANG_WARN_EMPTY_BODY = YES;
				CLANG_WARN_ENUM_CONVERSION = YES;
				CLANG_WARN_INFINITE_RECURSION = YES;
				CLANG_WARN_INT_CONVERSION = YES;
				CLANG_WARN_NON_LITERAL_NULL_CONVERSION = YES;
				CLANG_WARN_OBJC_IMPLICIT_RETAIN_SELF = YES;
				CLANG_WARN_OBJC_LITERAL_CONVERSION = YES;
				CLANG_WARN_OBJC_ROOT_CLASS = YES_ERROR;
				CLANG_WARN_QUOTED_INCLUDE_IN_FRAMEWORK_HEADER = YES;
				CLANG_WARN_RANGE_LOOP_ANALYSIS = YES;
				CLANG_WARN_STRICT_PROTOTYPES = YES;
				CLANG_WARN_SUSPICIOUS_MOVE = YES;
				CLANG_WARN_UNGUARDED_AVAILABILITY = YES_AGGRESSIVE;
				CLANG_WARN_UNREACHABLE_CODE = YES;
				CLANG_WARN__DUPLICATE_METHOD_MATCH = YES;
				COPY_PHASE_STRIP = NO;
				DEBUG_INFORMATION_FORMAT = "dwarf-with-dsym";
				DEVELOPMENT_TEAM = Z4XC4986PU;
				ENABLE_NS_ASSERTIONS = NO;
				ENABLE_STRICT_OBJC_MSGSEND = YES;
				ENABLE_USER_SCRIPT_SANDBOXING = YES;
				GCC_C_LANGUAGE_STANDARD = gnu17;
				GCC_NO_COMMON_BLOCKS = YES;
				GCC_WARN_64_TO_32_BIT_CONVERSION = YES;
				GCC_WARN_ABOUT_RETURN_TYPE = YES_ERROR;
				GCC_WARN_UNDECLARED_SELECTOR = YES;
				GCC_WARN_UNINITIALIZED_AUTOS = YES_AGGRESSIVE;
				GCC_WARN_UNUSED_FUNCTION = YES;
				GCC_WARN_UNUSED_VARIABLE = YES;
				IPHONEOS_DEPLOYMENT_TARGET = 26.2;
				LOCALIZATION_PREFERS_STRING_CATALOGS = YES;
				MTL_ENABLE_DEBUG_INFO = NO;
				MTL_FAST_MATH = YES;
				SDKROOT = iphoneos;
				SWIFT_COMPILATION_MODE = wholemodule;
				VALIDATE_PRODUCT = YES;
			};
			name = Release;
		};
		FAE39EF52F0C92C200DFA2D2 /* Debug */ = {
			isa = XCBuildConfiguration;
			buildSettings = {
				ASSETCATALOG_COMPILER_APPICON_NAME = AppIcon;
				ASSETCATALOG_COMPILER_GLOBAL_ACCENT_COLOR_NAME = AccentColor;
				CODE_SIGN_STYLE = Automatic;
				CURRENT_PROJECT_VERSION = 1;
				DEVELOPMENT_TEAM = Z4XC4986PU;
				ENABLE_PREVIEWS = YES;
				GENERATE_INFOPLIST_FILE = YES;
				INFOPLIST_FILE = FrostPoint/Info.plist;
				INFOPLIST_KEY_NSLocationWhenInUseUsageDescription = "Required to calculate local frost probability.";
				INFOPLIST_KEY_UIApplicationSceneManifest_Generation = YES;
				INFOPLIST_KEY_UIApplicationSupportsIndirectInputEvents = YES;
				INFOPLIST_KEY_UILaunchScreen_Generation = YES;
				INFOPLIST_KEY_UISupportedInterfaceOrientations_iPad = "UIInterfaceOrientationPortrait UIInterfaceOrientationPortraitUpsideDown UIInterfaceOrientationLandscapeLeft UIInterfaceOrientationLandscapeRight";
				INFOPLIST_KEY_UISupportedInterfaceOrientations_iPhone = "UIInterfaceOrientationPortrait UIInterfaceOrientationLandscapeLeft UIInterfaceOrientationLandscapeRight";
				LD_RUNPATH_SEARCH_PATHS = (
					"$(inherited)",
					"@executable_path/Frameworks",
				);
				MARKETING_VERSION = 1.0;
				PRODUCT_BUNDLE_IDENTIFIER = EW.FrostPoint;
				PRODUCT_NAME = "$(TARGET_NAME)";
				STRING_CATALOG_GENERATE_SYMBOLS = YES;
				SWIFT_APPROACHABLE_CONCURRENCY = YES;
				SWIFT_DEFAULT_ACTOR_ISOLATION = MainActor;
				SWIFT_EMIT_LOC_STRINGS = YES;
				SWIFT_UPCOMING_FEATURE_MEMBER_IMPORT_VISIBILITY = YES;
				SWIFT_VERSION = 5.0;
				TARGETED_DEVICE_FAMILY = "1,2";
			};
			name = Debug;
		};
		FAE39EF62F0C92C200DFA2D2 /* Release */ = {
			isa = XCBuildConfiguration;
			buildSettings = {
				ASSETCATALOG_COMPILER_APPICON_NAME = AppIcon;
				ASSETCATALOG_COMPILER_GLOBAL_ACCENT_COLOR_NAME = AccentColor;
				CODE_SIGN_STYLE = Automatic;
				CURRENT_PROJECT_VERSION = 1;
				DEVELOPMENT_TEAM = Z4XC4986PU;
				ENABLE_PREVIEWS = YES;
				GENERATE_INFOPLIST_FILE = YES;
				INFOPLIST_FILE = FrostPoint/Info.plist;
				INFOPLIST_KEY_NSLocationWhenInUseUsageDescription = "Required to calculate local frost probability.";
				INFOPLIST_KEY_UIApplicationSceneManifest_Generation = YES;
				INFOPLIST_KEY_UIApplicationSupportsIndirectInputEvents = YES;
				INFOPLIST_KEY_UILaunchScreen_Generation = YES;
				INFOPLIST_KEY_UISupportedInterfaceOrientations_iPad = "UIInterfaceOrientationPortrait UIInterfaceOrientationPortraitUpsideDown UIInterfaceOrientationLandscapeLeft UIInterfaceOrientationLandscapeRight";
				INFOPLIST_KEY_UISupportedInterfaceOrientations_iPhone = "UIInterfaceOrientationPortrait UIInterfaceOrientationLandscapeLeft UIInterfaceOrientationLandscapeRight";
				LD_RUNPATH_SEARCH_PATHS = (
					"$(inherited)",
					"@executable_path/Frameworks",
				);
				MARKETING_VERSION = 1.0;
				PRODUCT_BUNDLE_IDENTIFIER = EW.FrostPoint;
				PRODUCT_NAME = "$(TARGET_NAME)";
				STRING_CATALOG_GENERATE_SYMBOLS = YES;
				SWIFT_APPROACHABLE_CONCURRENCY = YES;
				SWIFT_DEFAULT_ACTOR_ISOLATION = MainActor;
				SWIFT_EMIT_LOC_STRINGS = YES;
				SWIFT_UPCOMING_FEATURE_MEMBER_IMPORT_VISIBILITY = YES;
				SWIFT_VERSION = 5.0;
				TARGETED_DEVICE_FAMILY = "1,2";
			};
			name = Release;
		};
		FAE39EF82F0C92C200DFA2D2 /* Debug */ = {
			isa = XCBuildConfiguration;
			buildSettings = {
				BUNDLE_LOADER = "$(TEST_HOST)";
				CODE_SIGN_STYLE = Automatic;
				CURRENT_PROJECT_VERSION = 1;
				DEVELOPMENT_TEAM = Z4XC4986PU;
				GENERATE_INFOPLIST_FILE = YES;
				IPHONEOS_DEPLOYMENT_TARGET = 26.2;
				MARKETING_VERSION = 1.0;
				PRODUCT_BUNDLE_IDENTIFIER = EW.FrostPointTests;
				PRODUCT_NAME = "$(TARGET_NAME)";
				STRING_CATALOG_GENERATE_SYMBOLS = NO;
				SWIFT_APPROACHABLE_CONCURRENCY = YES;
				SWIFT_EMIT_LOC_STRINGS = NO;
				SWIFT_UPCOMING_FEATURE_MEMBER_IMPORT_VISIBILITY = YES;
				SWIFT_VERSION = 5.0;
				TARGETED_DEVICE_FAMILY = "1,2";
				TEST_HOST = "$(BUILT_PRODUCTS_DIR)/FrostPoint.app/$(BUNDLE_EXECUTABLE_FOLDER_PATH)/FrostPoint";
			};
			name = Debug;
		};
		FAE39EF92F0C92C200DFA2D2 /* Release */ = {
			isa = XCBuildConfiguration;
			buildSettings = {
				BUNDLE_LOADER = "$(TEST_HOST)";
				CODE_SIGN_STYLE = Automatic;
				CURRENT_PROJECT_VERSION = 1;
				DEVELOPMENT_TEAM = Z4XC4986PU;
				GENERATE_INFOPLIST_FILE = YES;
				IPHONEOS_DEPLOYMENT_TARGET = 26.2;
				MARKETING_VERSION = 1.0;
				PRODUCT_BUNDLE_IDENTIFIER = EW.FrostPointTests;
				PRODUCT_NAME = "$(TARGET_NAME)";
				STRING_CATALOG_GENERATE_SYMBOLS = NO;
				SWIFT_APPROACHABLE_CONCURRENCY = YES;
				SWIFT_EMIT_LOC_STRINGS = NO;
				SWIFT_UPCOMING_FEATURE_MEMBER_IMPORT_VISIBILITY = YES;
				SWIFT_VERSION = 5.0;
				TARGETED_DEVICE_FAMILY = "1,2";
				TEST_HOST = "$(BUILT_PRODUCTS_DIR)/FrostPoint.app/$(BUNDLE_EXECUTABLE_FOLDER_PATH)/FrostPoint";
			};
			name = Release;
		};
		FAE39EFB2F0C92C200DFA2D2 /* Debug */ = {
			isa = XCBuildConfiguration;
			buildSettings = {
				CODE_SIGN_STYLE = Automatic;
				CURRENT_PROJECT_VERSION = 1;
				DEVELOPMENT_TEAM = Z4XC4986PU;
				GENERATE_INFOPLIST_FILE = YES;
				MARKETING_VERSION = 1.0;
				PRODUCT_BUNDLE_IDENTIFIER = EW.FrostPointUITests;
				PRODUCT_NAME = "$(TARGET_NAME)";
				STRING_CATALOG_GENERATE_SYMBOLS = NO;
				SWIFT_APPROACHABLE_CONCURRENCY = YES;
				SWIFT_EMIT_LOC_STRINGS = NO;
				SWIFT_UPCOMING_FEATURE_MEMBER_IMPORT_VISIBILITY = YES;
				SWIFT_VERSION = 5.0;
				TARGETED_DEVICE_FAMILY = "1,2";
				TEST_TARGET_NAME = FrostPoint;
			};
			name = Debug;
		};
		FAE39EFC2F0C92C200DFA2D2 /* Release */ = {
			isa = XCBuildConfiguration;
			buildSettings = {
				CODE_SIGN_STYLE = Automatic;
				CURRENT_PROJECT_VERSION = 1;
				DEVELOPMENT_TEAM = Z4XC4986PU;
				GENERATE_INFOPLIST_FILE = YES;
				MARKETING_VERSION = 1.0;
				PRODUCT_BUNDLE_IDENTIFIER = EW.FrostPointUITests;
				PRODUCT_NAME = "$(TARGET_NAME)";
				STRING_CATALOG_GENERATE_SYMBOLS = NO;
				SWIFT_APPROACHABLE_CONCURRENCY = YES;
				SWIFT_EMIT_LOC_STRINGS = NO;
				SWIFT_UPCOMING_FEATURE_MEMBER_IMPORT_VISIBILITY = YES;
				SWIFT_VERSION = 5.0;
				TARGETED_DEVICE_FAMILY = "1,2";
				TEST_TARGET_NAME = FrostPoint;
			};
			name = Release;
		};
/* End XCBuildConfiguration section */

/* Begin XCConfigurationList section */
		FAE39ECE2F0C92C100DFA2D2 /* Build configuration list for PBXProject "FrostPoint" */ = {
			isa = XCConfigurationList;
			buildConfigurations = (
				FAE39EF22F0C92C200DFA2D2 /* Debug */,
				FAE39EF32F0C92C200DFA2D2 /* Release */,
			);
			defaultConfigurationIsVisible = 0;
			defaultConfigurationName = Release;
		};
		FAE39EF42F0C92C200DFA2D2 /* Build configuration list for PBXNativeTarget "FrostPoint" */ = {
			isa = XCConfigurationList;
			buildConfigurations = (
				FAE39EF52F0C92C200DFA2D2 /* Debug */,
				FAE39EF62F0C92C200DFA2D2 /* Release */,
			);
			defaultConfigurationIsVisible = 0;
			defaultConfigurationName = Release;
		};
		FAE39EF72F0C92C200DFA2D2 /* Build configuration list for PBXNativeTarget "FrostPointTests" */ = {
			isa = XCConfigurationList;
			buildConfigurations = (
				FAE39EF82F0C92C200DFA2D2 /* Debug */,
				FAE39EF92F0C92C200DFA2D2 /* Release */,
			);
			defaultConfigurationIsVisible = 0;
			defaultConfigurationName = Release;
		};
		FAE39EFA2F0C92C200DFA2D2 /* Build configuration list for PBXNativeTarget "FrostPointUITests" */ = {
			isa = XCConfigurationList;
			buildConfigurations = (
				FAE39EFB2F0C92C200DFA2D2 /* Debug */,
				FAE39EFC2F0C92C200DFA2D2 /* Release */,
			);
			defaultConfigurationIsVisible = 0;
			defaultConfigurationName = Release;
		};
/* End XCConfigurationList section */
	};
	rootObject = FAE39ECB2F0C92C100DFA2D2 /* Project object */;
}
